
Microsoft Visual Studio Solution File, Format Version 12.00
# Visual Studio Version 17
VisualStudioVersion = 17.0.32014.148
MinimumVisualStudioVersion = 10.0.40219.1
Project("{FAE04EC0-301F-11D3-BF4B-00C04F79EFBC}") = "WinPulsDaten", "WinPulsDaten\WinPulsDaten.csproj", "{1ADC3064-E31B-47D7-8BB5-FD29DC43C2A9}"
EndProject
Global
	GlobalSection(SolutionConfigurationPlatforms) = preSolution
		Debug|Any CPU = Debug|Any CPU
		Release|Any CPU = Release|Any CPU
	EndGlobalSection
	GlobalSection(ProjectConfigurationPlatforms) = postSolution
		{1ADC3064-E31B-47D7-8BB5-FD29DC43C2A9}.Debug|Any CPU.ActiveCfg = Debug|Any CPU
		{1ADC3064-E31B-47D7-8BB5-FD29DC43C2A9}.Debug|Any CPU.Build.0 = Debug|Any CPU
		{1ADC3064-E31B-47D7-8BB5-FD29DC43C2A9}.Release|Any CPU.ActiveCfg = Release|Any CPU
		{1ADC3064-E31B-47D7-8BB5-FD29DC43C2A9}.Release|Any CPU.Build.0 = Release|Any CPU
	EndGlobalSection
	GlobalSection(SolutionProperties) = preSolution
		HideSolutionNode = FALSE
	EndGlobalSection
	GlobalSection(ExtensibilityGlobals) = postSolution
		SolutionGuid = {7DA11A86-3A3C-4C46-BE69-5D9152700EC7}
	EndGlobalSection
EndGlobal
